// !$*UTF8*$!
{
	archiveVersion = 1;
	classes = {
	};
	objectVersion = 46;
	objects = {

/* Begin PBXBuildFile section */
		9F441BC31F1763D5007881BC /* AppDelegate.swift in Sources */ = {isa = PBXBuildFile; fileRef = 9F441BC21F1763D5007881BC /* AppDelegate.swift */; };
		9F441BC51F1763D5007881BC /* ViewController.swift in Sources */ = {isa = PBXBuildFile; fileRef = 9F441BC41F1763D5007881BC /* ViewController.swift */; };
		9F441BC81F1763D5007881BC /* Main.storyboard in Resources */ = {isa = PBXBuildFile; fileRef = 9F441BC61F1763D5007881BC /* Main.storyboard */; };
		9F441BCA1F1763D5007881BC /* Assets.xcassets in Resources */ = {isa = PBXBuildFile; fileRef = 9F441BC91F1763D5007881BC /* Assets.xcassets */; };
		9F441BCD1F1763D5007881BC /* LaunchScreen.storyboard in Resources */ = {isa = PBXBuildFile; fileRef = 9F441BCB1F1763D5007881BC /* LaunchScreen.storyboard */; };
/* End PBXBuildFile section */

/* Begin PBXFileReference section */
		9F441BBF1F1763D5007881BC /* CRTableView.app */ = {isa = PBXFileReference; explicitFileType = wrapper.application; includeInIndex = 0; path = CRTableView.app; sourceTree = BUILT_PRODUCTS_DIR; };
		9F441BC21F1763D5007881BC /* AppDelegate.swift */ = {isa = PBXFileReference; lastKnownFileType = sourcecode.swift; path = AppDelegate.swift; sourceTree = "<group>"; };
		9F441BC41F1763D5007881BC /* ViewController.swift */ = {isa = PBXFileReference; lastKnownFileType = sourcecode.swift; path = ViewController.swift; sourceTree = "<group>"; };
		9F441BC71F1763D5007881BC /* Base */ = {isa = PBXFileReference; lastKnownFileType = file.storyboard; name = Base; path = Base.lproj/Main.storyboard; sourceTree = "<group>"; };
		9F441BC91F1763D5007881BC /* Assets.xcassets */ = {isa = PBXFileReference; lastKnownFileType = folder.assetcatalog; path = Assets.xcassets; sourceTree = "<group>"; };
		9F441BCC1F1763D5007881BC /* Base */ = {isa = PBXFileReference; lastKnownFileType = file.storyboard; name = Base; path = Base.lproj/LaunchScreen.storyboard; sourceTree = "<group>"; };
		9F441BCE1F1763D5007881BC /* Info.plist */ = {isa = PBXFileReference; lastKnownFileType = text.plist.xml; path = Info.plist; sourceTree = "<group>"; };
/* End PBXFileReference section */

/* Begin PBXFrameworksBuildPhase section */
		9F441BBC1F1763D5007881BC /* Frameworks */ = {
			isa = PBXFrameworksBuildPhase;
			buildActionMask = 2147483647;
			files = (
			);
			runOnlyForDeploymentPostprocessing = 0;
		};
/* End PBXFrameworksBuildPhase section */

/* Begin PBXGroup section */
		9F441BB61F1763D5007881BC = {
			isa = PBXGroup;
			children = (
				9F441BC11F1763D5007881BC /* CRTableView */,
				9F441BC01F1763D5007881BC /* Products */,
			);
			sourceTree = "<group>";
		};
		9F441BC01F1763D5007881BC /* Products */ = {
			isa = PBXGroup;
			children = (
				9F441BBF1F1763D5007881BC /* CRTableView.app */,
			);
			name = Products;
			sourceTree = "<group>";
		};
		9F441BC11F1763D5007881BC /* CRTableView */ = {
			isa = PBXGroup;
			children = (
				9F441BC21F1763D5007881BC /* AppDelegate.swift */,
				9F441BC41F1763D5007881BC /* ViewController.swift */,
				9F441BC61F1763D5007881BC /* Main.storyboard */,
				9F441BC91F1763D5007881BC /* Assets.xcassets */,
				9F441BCB1F1763D5007881BC /* LaunchScreen.storyboard */,
				9F441BCE1F1763D5007881BC /* Info.plist */,
			);
			path = CRTableView;
			sourceTree = "<group>";
		};
/* End PBXGroup section */

/* Begin PBXNativeTarget section */
		9F441BBE1F1763D5007881BC /* CRTableView */ = {
			isa = PBXNativeTarget;
			buildConfigurationList = 9F441BD11F1763D5007881BC /* Build configuration list for PBXNativeTarget "CRTableView" */;
			buildPhases = (
				9F441BBB1F1763D5007881BC /* Sources */,
				9F441BBC1F1763D5007881BC /* Frameworks */,
				9F441BBD1F1763D5007881BC /* Resources */,
			);
			buildRules = (
			);
			dependencies = (
			);
			name = CRTableView;
			productName = CRTableView;
			productReference = 9F441BBF1F1763D5007881BC /* CRTableView.app */;
			productType = "com.apple.product-type.application";
		};
/* End PBXNativeTarget section */

/* Begin PBXProject section */
		9F441BB71F1763D5007881BC /* Project object */ = {
			isa = PBXProject;
			attributes = {
				LastSwiftUpdateCheck = 0830;
				LastUpgradeCheck = 0830;
				ORGANIZATIONNAME = Kiran;
				TargetAttributes = {
					9F441BBE1F1763D5007881BC = {
						CreatedOnToolsVersion = 8.3.3;
						DevelopmentTeam = Y9Y96CV7VP;
						ProvisioningStyle = Automatic;
					};
				};
			};
			buildConfigurationList = 9F441BBA1F1763D5007881BC /* Build configuration list for PBXProject "CRTableView" */;
			compatibilityVersion = "Xcode 3.2";
			developmentRegion = English;
			hasScannedForEncodings = 0;
			knownRegions = (
				en,
				Base,
			);
			mainGroup = 9F441BB61F1763D5007881BC;
			productRefGroup = 9F441BC01F1763D5007881BC /* Products */;
			projectDirPath = "";
			projectRoot = "";
			targets = (
				9F441BBE1F1763D5007881BC /* CRTableView */,
			);
		};
/* End PBXProject section */

/* Begin PBXResourcesBuildPhase section */
		9F441BBD1F1763D5007881BC /* Resources */ = {
			isa = PBXResourcesBuildPhase;
			buildActionMask = 2147483647;
			files = (
				9F441BCD1F1763D5007881BC /* LaunchScreen.storyboard in Resources */,
				9F441BCA1F1763D5007881BC /* Assets.xcassets in Resources */,
				9F441BC81F1763D5007881BC /* Main.storyboard in Resources */,
			);
			runOnlyForDeploymentPostprocessing = 0;
		};
/* End PBXResourcesBuildPhase section */

/* Begin PBXSourcesBuildPhase section */
		9F441BBB1F1763D5007881BC /* Sources */ = {
			isa = PBXSourcesBuildPhase;
			buildActionMask = 2147483647;
			files = (
				9F441BC51F1763D5007881BC /* ViewController.swift in Sources */,
				9F441BC31F1763D5007881BC /* AppDelegate.swift in Sources */,
			);
			runOnlyForDeploymentPostprocessing = 0;
		};
/* End PBXSourcesBuildPhase section */

/* Begin PBXVariantGroup section */
		9F441BC61F1763D5007881BC /* Main.storyboard */ = {
			isa = PBXVariantGroup;
			children = (
				9F441BC71F1763D5007881BC /* Base */,
			);
			name = Main.storyboard;
			sourceTree = "<group>";
		};
		9F441BCB1F1763D5007881BC /* LaunchScreen.storyboard */ = {
			isa = PBXVariantGroup;
			children = (
				9F441BCC1F1763D5007881BC /* Base */,
			);
			name = LaunchScreen.storyboard;
			sourceTree = "<group>";
		};
/* End PBXVariantGroup section */

/* Begin XCBuildConfiguration section */
		9F441BCF1F1763D5007881BC /* Debug */ = {
			isa = XCBuildConfiguration;
			buildSettings = {
				ALWAYS_SEARCH_USER_PATHS = NO;
				CLANG_ANALYZER_NONNULL = YES;
				CLANG_ANALYZER_NUMBER_OBJECT_CONVERSION = YES_AGGRESSIVE;
				CLANG_CXX_LANGUAGE_STANDARD = "gnu++0x";
				CLANG_CXX_LIBRARY = "libc++";
				CLANG_ENABLE_MODULES = YES;
				CLANG_ENABLE_OBJC_ARC = YES;
				CLANG_WARN_BOOL_CONVERSION = YES;
				CLANG_WARN_CONSTANT_CONVERSION = YES;
				CLANG_WARN_DIRECT_OBJC_ISA_USAGE = YES_ERROR;
				CLANG_WARN_DOCUMENTATION_COMMENTS = YES;
				CLANG_WARN_EMPTY_BODY = YES;
				CLANG_WARN_ENUM_CONVERSION = YES;
				CLANG_WARN_INFINITE_RECURSION = YES;
				CLANG_WARN_INT_CONVERSION = YES;
				CLANG_WARN_OBJC_ROOT_CLASS = YES_ERROR;
				CLANG_WARN_SUSPICIOUS_MOVE = YES;
				CLANG_WARN_UNREACHABLE_CODE = YES;
				CLANG_WARN__DUPLICATE_METHOD_MATCH = YES;
				"CODE_SIGN_IDENTITY[sdk=iphoneos*]" = "iPhone Developer";
				COPY_PHASE_STRIP = NO;
				DEBUG_INFORMATION_FORMAT = dwarf;
				ENABLE_STRICT_OBJC_MSGSEND = YES;
				ENABLE_TESTABILITY = YES;
				GCC_C_LANGUAGE_STANDARD = gnu99;
				GCC_DYNAMIC_NO_PIC = NO;
				GCC_NO_COMMON_BLOCKS = YES;
				GCC_OPTIMIZATION_LEVEL = 0;
				GCC_PREPROCESSOR_DEFINITIONS = (
					"DEBUG=1",
					"$(inherited)",
				);
				GCC_WARN_64_TO_32_BIT_CONVERSION = YES;
				GCC_WARN_ABOUT_RETURN_TYPE = YES_ERROR;
				GCC_WARN_UNDECLARED_SELECTOR = YES;
				GCC_WARN_UNINITIALIZED_AUTOS = YES_AGGRESSIVE;
				GCC_WARN_UNUSED_FUNCTION = YES;
				GCC_WARN_UNUSED_VARIABLE = YES;
				IPHONEOS_DEPLOYMENT_TARGET = 10.3;
				MTL_ENABLE_DEBUG_INFO = YES;
				ONLY_ACTIVE_ARCH = YES;
				SDKROOT = iphoneos;
				SWIFT_ACTIVE_COMPILATION_CONDITIONS = DEBUG;
				SWIFT_OPTIMIZATION_LEVEL = "-Onone";
				TARGETED_DEVICE_FAMILY = "1,2";
			};
			name = Debug;
		};
		9F441BD01F1763D5007881BC /* Release */ = {
			isa = XCBuildConfiguration;
			buildSettings = {
				ALWAYS_SEARCH_USER_PATHS = NO;
				CLANG_ANALYZER_NONNULL = YES;
				CLANG_ANALYZER_NUMBER_OBJECT_CONVERSION = YES_AGGRESSIVE;
				CLANG_CXX_LANGUAGE_STANDARD = "gnu++0x";
				CLANG_CXX_LIBRARY = "libc++";
				CLANG_ENABLE_MODULES = YES;
				CLANG_ENABLE_OBJC_ARC = YES;
				CLANG_WARN_BOOL_CONVERSION = YES;
				CLANG_WARN_CONSTANT_CONVERSION = YES;
				CLANG_WARN_DIRECT_OBJC_ISA_USAGE = YES_ERROR;
				CLANG_WARN_DOCUMENTATION_COMMENTS = YES;
				CLANG_WARN_EMPTY_BODY = YES;
				CLANG_WARN_ENUM_CONVERSION = YES;
				CLANG_WARN_INFINITE_RECURSION = YES;
				CLANG_WARN_INT_CONVERSION = YES;
				CLANG_WARN_OBJC_ROOT_CLASS = YES_ERROR;
				CLANG_WARN_SUSPICIOUS_MOVE = YES;
				CLANG_WARN_UNREACHABLE_CODE = YES;
				CLANG_WARN__DUPLICATE_METHOD_MATCH = YES;
				"CODE_SIGN_IDENTITY[sdk=iphoneos*]" = "iPhone Developer";
				COPY_PHASE_STRIP = NO;
				DEBUG_INFORMATION_FORMAT = "dwarf-with-dsym";
				ENABLE_NS_ASSERTIONS = NO;
				ENABLE_STRICT_OBJC_MSGSEND = YES;
				GCC_C_LANGUAGE_STANDARD = gnu99;
				GCC_NO_COMMON_BLOCKS = YES;
				GCC_WARN_64_TO_32_BIT_CONVERSION = YES;
				GCC_WARN_ABOUT_RETURN_TYPE = YES_ERROR;
				GCC_WARN_UNDECLARED_SELECTOR = YES;
				GCC_WARN_UNINITIALIZED_AUTOS = YES_AGGRESSIVE;
				GCC_WARN_UNUSED_FUNCTION = YES;
				GCC_WARN_UNUSED_VARIABLE = YES;
				IPHONEOS_DEPLOYMENT_TARGET = 10.3;
				MTL_ENABLE_DEBUG_INFO = NO;
				SDKROOT = iphoneos;
				SWIFT_OPTIMIZATION_LEVEL = "-Owholemodule";
				TARGETED_DEVICE_FAMILY = "1,2";
				VALIDATE_PRODUCT = YES;
			};
			name = Release;
		};
		9F441BD21F1763D5007881BC /* Debug */ = {
			isa = XCBuildConfiguration;
			buildSettings = {
				ASSETCATALOG_COMPILER_APPICON_NAME = AppIcon;
				DEVELOPMENT_TEAM = Y9Y96CV7VP;
				INFOPLIST_FILE = CRTableView/Info.plist;
				IPHONEOS_DEPLOYMENT_TARGET = 9.0;
				LD_RUNPATH_SEARCH_PATHS = "$(inherited) @executable_path/Frameworks";
				PRODUCT_BUNDLE_IDENTIFIER = self.edu.CRTableView;
				PRODUCT_NAME = "$(TARGET_NAME)";
				SWIFT_VERSION = 3.0;
			};
			name = Debug;
		};
		9F441BD31F1763D5007881BC /* Release */ = {
			isa = XCBuildConfiguration;
			buildSettings = {
				ASSETCATALOG_COMPILER_APPICON_NAME = AppIcon;
				DEVELOPMENT_TEAM = Y9Y96CV7VP;
				INFOPLIST_FILE = CRTableView/Info.plist;
				IPHONEOS_DEPLOYMENT_TARGET = 9.0;
				LD_RUNPATH_SEARCH_PATHS = "$(inherited) @executable_path/Frameworks";
				PRODUCT_BUNDLE_IDENTIFIER = self.edu.CRTableView;
				PRODUCT_NAME = "$(TARGET_NAME)";
				SWIFT_VERSION = 3.0;
			};
			name = Release;
		};
/* End XCBuildConfiguration section */

/* Begin XCConfigurationList section */
		9F441BBA1F1763D5007881BC /* Build configuration list for PBXProject "CRTableView" */ = {
			isa = XCConfigurationList;
			buildConfigurations = (
				9F441BCF1F1763D5007881BC /* Debug */,
				9F441BD01F1763D5007881BC /* Release */,
			);
			defaultConfigurationIsVisible = 0;
			defaultConfigurationName = Release;
		};
		9F441BD11F1763D5007881BC /* Build configuration list for PBXNativeTarget "CRTableView" */ = {
			isa = XCConfigurationList;
			buildConfigurations = (
				9F441BD21F1763D5007881BC /* Debug */,
				9F441BD31F1763D5007881BC /* Release */,
			);
			defaultConfigurationIsVisible = 0;
			defaultConfigurationName = Release;
		};
/* End XCConfigurationList section */
	};
	rootObject = 9F441BB71F1763D5007881BC /* Project object */;
}
